
Microsoft Visual Studio Solution File, Format Version 12.00
# Visual Studio Version 16
VisualStudioVersion = 16.0.33927.289
MinimumVisualStudioVersion = 10.0.40219.1
Project("{F184B08F-C81C-45F6-A57F-5ABD9991F28F}") = "My Calculator", "My Calculator.vbproj", "{16DBBDA5-983E-4598-A01B-2B865A602561}"
EndProject
Global
	GlobalSection(SolutionConfigurationPlatforms) = preSolution
		Debug|Any CPU = Debug|Any CPU
		Release|Any CPU = Release|Any CPU
	EndGlobalSection
	GlobalSection(ProjectConfigurationPlatforms) = postSolution
		{16DBBDA5-983E-4598-A01B-2B865A602561}.Debug|Any CPU.ActiveCfg = Debug|Any CPU
		{16DBBDA5-983E-4598-A01B-2B865A602561}.Debug|Any CPU.Build.0 = Debug|Any CPU
		{16DBBDA5-983E-4598-A01B-2B865A602561}.Release|Any CPU.ActiveCfg = Release|Any CPU
		{16DBBDA5-983E-4598-A01B-2B865A602561}.Release|Any CPU.Build.0 = Release|Any CPU
	EndGlobalSection
	GlobalSection(SolutionProperties) = preSolution
		HideSolutionNode = FALSE
	EndGlobalSection
	GlobalSection(ExtensibilityGlobals) = postSolution
		SolutionGuid = {C36A12D0-D9B2-491B-BF3D-62C2E3D40A37}
	EndGlobalSection
EndGlobal
